
Microsoft Visual Studio Solution File, Format Version 12.00
# Visual Studio 14
VisualStudioVersion = 14.0.25420.1
MinimumVisualStudioVersion = 10.0.40219.1
Project("{FAE04EC0-301F-11D3-BF4B-00C04F79EFBC}") = "InterviewPrep.Core", "InterviewPrep.Core\InterviewPrep.Core.csproj", "{79463CCE-2350-42FE-AA78-DF0644DE52A7}"
EndProject
Project("{2150E333-8FDC-42A3-9474-1A3956D46DE8}") = "tests", "tests", "{1191E0E9-DCFF-4CBD-9995-6BD1AEF3F4DE}"
EndProject
Project("{FAE04EC0-301F-11D3-BF4B-00C04F79EFBC}") = "InterviewPrep.CoreTests", "InterviewPrep.CoreTests\InterviewPrep.CoreTests.csproj", "{09CA17A2-0B68-404A-9EE2-C1234EDB59A9}"
EndProject
Project("{FAE04EC0-301F-11D3-BF4B-00C04F79EFBC}") = "InterviewPrep.Euler", "InterviewPrep.Euler\InterviewPrep.Euler.csproj", "{2673E5B2-BD4C-4780-B860-9E84C56DAD50}"
EndProject
Project("{FAE04EC0-301F-11D3-BF4B-00C04F79EFBC}") = "InterviewPrep.EulerTests", "InterviewPrep.EulerTests\InterviewPrep.EulerTests.csproj", "{9AFDB0AC-AB0A-4271-8DA0-8E4FD9619AD7}"
EndProject
Project("{2150E333-8FDC-42A3-9474-1A3956D46DE8}") = "src", "src", "{3FC39F1B-35FE-442F-B1B4-AE64FBA99983}"
EndProject
Project("{FAE04EC0-301F-11D3-BF4B-00C04F79EFBC}") = "InterviewPrep.ConsoleApp", "InterviewPrep.ConsoleApp\InterviewPrep.ConsoleApp.csproj", "{B479C2BB-0E02-4F39-94A2-B776E874CD88}"
EndProject
Project("{FAE04EC0-301F-11D3-BF4B-00C04F79EFBC}") = "InterviewPrep.DailyProgrammer", "InterviewPrep.DailyProgrammer\InterviewPrep.DailyProgrammer.csproj", "{5F329599-AF6D-4BCC-AF7B-89A1D33B67EE}"
EndProject
Project("{2150E333-8FDC-42A3-9474-1A3956D46DE8}") = "pluralsight", "pluralsight", "{227B7B39-0251-46A7-A3AF-6834337AAE4C}"
EndProject
Project("{FAE04EC0-301F-11D3-BF4B-00C04F79EFBC}") = "InterviewPrep.Generics", "InterviewPrep.Generics\InterviewPrep.Generics.csproj", "{AF3C4B7B-7A3B-4C6C-A86C-385A867702F5}"
EndProject
Project("{FAE04EC0-301F-11D3-BF4B-00C04F79EFBC}") = "InterviewPrep.Pluralsight.Tests", "InterviewPrep.Pluralsight.Tests\InterviewPrep.Pluralsight.Tests.csproj", "{3F2A8AB0-640D-40FC-BBF6-705360708AE4}"
EndProject
Project("{2150E333-8FDC-42A3-9474-1A3956D46DE8}") = "Server", "Server", "{83A15037-A988-49F8-B5AF-DB449D440B3B}"
EndProject
Project("{2150E333-8FDC-42A3-9474-1A3956D46DE8}") = "Client", "Client", "{957C4CE1-0A48-4781-BE5B-B9FA33D94BA9}"
EndProject
Project("{2150E333-8FDC-42A3-9474-1A3956D46DE8}") = "Solution Items", "Solution Items", "{422EC750-B1DF-4E2B-8E05-73808B4B4713}"
	ProjectSection(SolutionItems) = preProject
		InterviewPrep.Angular2FirstLook\global.json = InterviewPrep.Angular2FirstLook\global.json
	EndProjectSection
EndProject
Project("{00D1A9C2-B5F0-4AF3-8072-F6C62B433612}") = "InterviewPrep.SqlServer", "InterviewPrep.SqlServer\InterviewPrep.SqlServer.sqlproj", "{8C99DFC4-6876-4FA1-95ED-16B2F5DA89FF}"
EndProject
Project("{8BB2217D-0F2D-49D1-97BC-3654ED321F3B}") = "InterviewPrep.Angular2", "InterviewPrep.Angular2\InterviewPrep.Angular2.xproj", "{5CA256B1-0332-4ECA-BF6F-63BC64AA6192}"
EndProject
Project("{8BB2217D-0F2D-49D1-97BC-3654ED321F3B}") = "InterviewPrep.OdeToFoodRc2", "InterviewPrep.OdeToFoodRc2\InterviewPrep.OdeToFoodRc2.xproj", "{20F1058A-42D5-4367-9EA2-2D0F6EC6355E}"
EndProject
Project("{2150E333-8FDC-42A3-9474-1A3956D46DE8}") = "dotnet", "dotnet", "{44F1BD0F-7A8D-459A-AAE5-EC74FEF2A131}"
EndProject
Project("{FAE04EC0-301F-11D3-BF4B-00C04F79EFBC}") = "InterviewPrep.DotnetSource", "InterviewPrep.DotnetSource\InterviewPrep.DotnetSource.csproj", "{74DD3501-9846-4632-B7E0-8C75C509B59D}"
EndProject
Project("{8BB2217D-0F2D-49D1-97BC-3654ED321F3B}") = "InterviewPrep.Pluralsight.Core.Tests", "test\InterviewPrep.Pluralsight.Core.Tests\InterviewPrep.Pluralsight.Core.Tests.xproj", "{76C8D6AC-84F5-4EC1-982F-2C3AE2DBBE79}"
EndProject
Project("{FAE04EC0-301F-11D3-BF4B-00C04F79EFBC}") = "InterviewPrep.LinqFundamentals", "InterviewPrep.LinqFundamentals\InterviewPrep.LinqFundamentals.csproj", "{6B99CB86-B055-48FE-B18C-F6D56F456DF3}"
EndProject
Project("{2150E333-8FDC-42A3-9474-1A3956D46DE8}") = "DesignPatterns", "DesignPatterns", "{48078CD7-5DCD-4549-B701-B55CAF5884C4}"
EndProject
Project("{FAE04EC0-301F-11D3-BF4B-00C04F79EFBC}") = "InterviewPrep.Repository", "InterviewPrep.Repository\InterviewPrep.Repository.csproj", "{1040AD00-E2C5-4375-B65A-20932332B8F1}"
EndProject
Project("{FAE04EC0-301F-11D3-BF4B-00C04F79EFBC}") = "InterviewPrep.ServicePattern", "InterviewPrep.ServicePattern\InterviewPrep.ServicePattern.csproj", "{E685401C-D057-4250-B568-5793DDEF0778}"
EndProject
Project("{FAE04EC0-301F-11D3-BF4B-00C04F79EFBC}") = "InterviewPrep.DesignPatterns", "InterviewPrep.DesignPatterns\InterviewPrep.DesignPatterns.csproj", "{3FF18B80-D0EF-452B-B306-8871CF426B54}"
EndProject
Project("{2150E333-8FDC-42A3-9474-1A3956D46DE8}") = "proof of concepts", "proof of concepts", "{8BBE8DA9-FCD6-491D-A0A9-58CF8A6CEE23}"
EndProject
Project("{FAE04EC0-301F-11D3-BF4B-00C04F79EFBC}") = "InterviewPrep.Concepts.VisualGraphs", "InterviewPrep.Concepts.VisualGraphs\InterviewPrep.Concepts.VisualGraphs.csproj", "{940A6121-5852-4225-BECA-1B0DCF09D4EE}"
EndProject
Project("{FAE04EC0-301F-11D3-BF4B-00C04F79EFBC}") = "InterviewPrep.Concepts.Tests", "InterviewPrep.Concepts.Tests\InterviewPrep.Concepts.Tests.csproj", "{5978BFA6-F8A9-4D13-A466-41028D7FC202}"
EndProject
Project("{8BB2217D-0F2D-49D1-97BC-3654ED321F3B}") = "InterviewPrep.Concepts.VisualGraphs.Web", "InterviewPrep.Concepts.VisualGraphs.Web\InterviewPrep.Concepts.VisualGraphs.Web.xproj", "{6AB2204A-E689-46B3-9262-48D19AAC6119}"
EndProject
Project("{2150E333-8FDC-42A3-9474-1A3956D46DE8}") = "graphs", "graphs", "{890D5947-044C-4586-8BB4-39FC6FBEAF57}"
EndProject
Project("{2150E333-8FDC-42A3-9474-1A3956D46DE8}") = "change tracking", "change tracking", "{CCB9A76D-9118-4D3B-873A-7DDE0FC49295}"
EndProject
Project("{FAE04EC0-301F-11D3-BF4B-00C04F79EFBC}") = "InterviewPrep.Concepts.ChangeTracking", "InterviewPrep.Concepts.ChangeTracking\InterviewPrep.Concepts.ChangeTracking.csproj", "{04478304-29D2-4FCF-A829-4F3D0085DBAC}"
EndProject
Global
	GlobalSection(SolutionConfigurationPlatforms) = preSolution
		Debug|Any CPU = Debug|Any CPU
		Release|Any CPU = Release|Any CPU
	EndGlobalSection
	GlobalSection(ProjectConfigurationPlatforms) = postSolution
		{79463CCE-2350-42FE-AA78-DF0644DE52A7}.Debug|Any CPU.ActiveCfg = Debug|Any CPU
		{79463CCE-2350-42FE-AA78-DF0644DE52A7}.Debug|Any CPU.Build.0 = Debug|Any CPU
		{79463CCE-2350-42FE-AA78-DF0644DE52A7}.Release|Any CPU.ActiveCfg = Release|Any CPU
		{79463CCE-2350-42FE-AA78-DF0644DE52A7}.Release|Any CPU.Build.0 = Release|Any CPU
		{09CA17A2-0B68-404A-9EE2-C1234EDB59A9}.Debug|Any CPU.ActiveCfg = Debug|Any CPU
		{09CA17A2-0B68-404A-9EE2-C1234EDB59A9}.Debug|Any CPU.Build.0 = Debug|Any CPU
		{09CA17A2-0B68-404A-9EE2-C1234EDB59A9}.Release|Any CPU.ActiveCfg = Release|Any CPU
		{09CA17A2-0B68-404A-9EE2-C1234EDB59A9}.Release|Any CPU.Build.0 = Release|Any CPU
		{2673E5B2-BD4C-4780-B860-9E84C56DAD50}.Debug|Any CPU.ActiveCfg = Debug|Any CPU
		{2673E5B2-BD4C-4780-B860-9E84C56DAD50}.Debug|Any CPU.Build.0 = Debug|Any CPU
		{2673E5B2-BD4C-4780-B860-9E84C56DAD50}.Release|Any CPU.ActiveCfg = Release|Any CPU
		{2673E5B2-BD4C-4780-B860-9E84C56DAD50}.Release|Any CPU.Build.0 = Release|Any CPU
		{9AFDB0AC-AB0A-4271-8DA0-8E4FD9619AD7}.Debug|Any CPU.ActiveCfg = Debug|Any CPU
		{9AFDB0AC-AB0A-4271-8DA0-8E4FD9619AD7}.Debug|Any CPU.Build.0 = Debug|Any CPU
		{9AFDB0AC-AB0A-4271-8DA0-8E4FD9619AD7}.Release|Any CPU.ActiveCfg = Release|Any CPU
		{9AFDB0AC-AB0A-4271-8DA0-8E4FD9619AD7}.Release|Any CPU.Build.0 = Release|Any CPU
		{B479C2BB-0E02-4F39-94A2-B776E874CD88}.Debug|Any CPU.ActiveCfg = Debug|Any CPU
		{B479C2BB-0E02-4F39-94A2-B776E874CD88}.Debug|Any CPU.Build.0 = Debug|Any CPU
		{B479C2BB-0E02-4F39-94A2-B776E874CD88}.Release|Any CPU.ActiveCfg = Release|Any CPU
		{B479C2BB-0E02-4F39-94A2-B776E874CD88}.Release|Any CPU.Build.0 = Release|Any CPU
		{5F329599-AF6D-4BCC-AF7B-89A1D33B67EE}.Debug|Any CPU.ActiveCfg = Debug|Any CPU
		{5F329599-AF6D-4BCC-AF7B-89A1D33B67EE}.Debug|Any CPU.Build.0 = Debug|Any CPU
		{5F329599-AF6D-4BCC-AF7B-89A1D33B67EE}.Release|Any CPU.ActiveCfg = Release|Any CPU
		{5F329599-AF6D-4BCC-AF7B-89A1D33B67EE}.Release|Any CPU.Build.0 = Release|Any CPU
		{AF3C4B7B-7A3B-4C6C-A86C-385A867702F5}.Debug|Any CPU.ActiveCfg = Debug|Any CPU
		{AF3C4B7B-7A3B-4C6C-A86C-385A867702F5}.Debug|Any CPU.Build.0 = Debug|Any CPU
		{AF3C4B7B-7A3B-4C6C-A86C-385A867702F5}.Release|Any CPU.ActiveCfg = Release|Any CPU
		{AF3C4B7B-7A3B-4C6C-A86C-385A867702F5}.Release|Any CPU.Build.0 = Release|Any CPU
		{3F2A8AB0-640D-40FC-BBF6-705360708AE4}.Debug|Any CPU.ActiveCfg = Debug|Any CPU
		{3F2A8AB0-640D-40FC-BBF6-705360708AE4}.Debug|Any CPU.Build.0 = Debug|Any CPU
		{3F2A8AB0-640D-40FC-BBF6-705360708AE4}.Release|Any CPU.ActiveCfg = Release|Any CPU
		{3F2A8AB0-640D-40FC-BBF6-705360708AE4}.Release|Any CPU.Build.0 = Release|Any CPU
		{8C99DFC4-6876-4FA1-95ED-16B2F5DA89FF}.Debug|Any CPU.ActiveCfg = Debug|Any CPU
		{8C99DFC4-6876-4FA1-95ED-16B2F5DA89FF}.Debug|Any CPU.Build.0 = Debug|Any CPU
		{8C99DFC4-6876-4FA1-95ED-16B2F5DA89FF}.Debug|Any CPU.Deploy.0 = Debug|Any CPU
		{8C99DFC4-6876-4FA1-95ED-16B2F5DA89FF}.Release|Any CPU.ActiveCfg = Release|Any CPU
		{8C99DFC4-6876-4FA1-95ED-16B2F5DA89FF}.Release|Any CPU.Build.0 = Release|Any CPU
		{8C99DFC4-6876-4FA1-95ED-16B2F5DA89FF}.Release|Any CPU.Deploy.0 = Release|Any CPU
		{5CA256B1-0332-4ECA-BF6F-63BC64AA6192}.Debug|Any CPU.ActiveCfg = Debug|Any CPU
		{5CA256B1-0332-4ECA-BF6F-63BC64AA6192}.Debug|Any CPU.Build.0 = Debug|Any CPU
		{5CA256B1-0332-4ECA-BF6F-63BC64AA6192}.Release|Any CPU.ActiveCfg = Release|Any CPU
		{5CA256B1-0332-4ECA-BF6F-63BC64AA6192}.Release|Any CPU.Build.0 = Release|Any CPU
		{20F1058A-42D5-4367-9EA2-2D0F6EC6355E}.Debug|Any CPU.ActiveCfg = Debug|Any CPU
		{20F1058A-42D5-4367-9EA2-2D0F6EC6355E}.Debug|Any CPU.Build.0 = Debug|Any CPU
		{20F1058A-42D5-4367-9EA2-2D0F6EC6355E}.Release|Any CPU.ActiveCfg = Release|Any CPU
		{20F1058A-42D5-4367-9EA2-2D0F6EC6355E}.Release|Any CPU.Build.0 = Release|Any CPU
		{74DD3501-9846-4632-B7E0-8C75C509B59D}.Debug|Any CPU.ActiveCfg = Debug|Any CPU
		{74DD3501-9846-4632-B7E0-8C75C509B59D}.Debug|Any CPU.Build.0 = Debug|Any CPU
		{74DD3501-9846-4632-B7E0-8C75C509B59D}.Release|Any CPU.ActiveCfg = Release|Any CPU
		{74DD3501-9846-4632-B7E0-8C75C509B59D}.Release|Any CPU.Build.0 = Release|Any CPU
		{76C8D6AC-84F5-4EC1-982F-2C3AE2DBBE79}.Debug|Any CPU.ActiveCfg = Debug|Any CPU
		{76C8D6AC-84F5-4EC1-982F-2C3AE2DBBE79}.Debug|Any CPU.Build.0 = Debug|Any CPU
		{76C8D6AC-84F5-4EC1-982F-2C3AE2DBBE79}.Release|Any CPU.ActiveCfg = Release|Any CPU
		{76C8D6AC-84F5-4EC1-982F-2C3AE2DBBE79}.Release|Any CPU.Build.0 = Release|Any CPU
		{6B99CB86-B055-48FE-B18C-F6D56F456DF3}.Debug|Any CPU.ActiveCfg = Debug|Any CPU
		{6B99CB86-B055-48FE-B18C-F6D56F456DF3}.Debug|Any CPU.Build.0 = Debug|Any CPU
		{6B99CB86-B055-48FE-B18C-F6D56F456DF3}.Release|Any CPU.ActiveCfg = Release|Any CPU
		{6B99CB86-B055-48FE-B18C-F6D56F456DF3}.Release|Any CPU.Build.0 = Release|Any CPU
		{1040AD00-E2C5-4375-B65A-20932332B8F1}.Debug|Any CPU.ActiveCfg = Debug|Any CPU
		{1040AD00-E2C5-4375-B65A-20932332B8F1}.Debug|Any CPU.Build.0 = Debug|Any CPU
		{1040AD00-E2C5-4375-B65A-20932332B8F1}.Release|Any CPU.ActiveCfg = Release|Any CPU
		{1040AD00-E2C5-4375-B65A-20932332B8F1}.Release|Any CPU.Build.0 = Release|Any CPU
		{E685401C-D057-4250-B568-5793DDEF0778}.Debug|Any CPU.ActiveCfg = Debug|Any CPU
		{E685401C-D057-4250-B568-5793DDEF0778}.Debug|Any CPU.Build.0 = Debug|Any CPU
		{E685401C-D057-4250-B568-5793DDEF0778}.Release|Any CPU.ActiveCfg = Release|Any CPU
		{E685401C-D057-4250-B568-5793DDEF0778}.Release|Any CPU.Build.0 = Release|Any CPU
		{3FF18B80-D0EF-452B-B306-8871CF426B54}.Debug|Any CPU.ActiveCfg = Debug|Any CPU
		{3FF18B80-D0EF-452B-B306-8871CF426B54}.Debug|Any CPU.Build.0 = Debug|Any CPU
		{3FF18B80-D0EF-452B-B306-8871CF426B54}.Release|Any CPU.ActiveCfg = Release|Any CPU
		{3FF18B80-D0EF-452B-B306-8871CF426B54}.Release|Any CPU.Build.0 = Release|Any CPU
		{940A6121-5852-4225-BECA-1B0DCF09D4EE}.Debug|Any CPU.ActiveCfg = Debug|Any CPU
		{940A6121-5852-4225-BECA-1B0DCF09D4EE}.Debug|Any CPU.Build.0 = Debug|Any CPU
		{940A6121-5852-4225-BECA-1B0DCF09D4EE}.Release|Any CPU.ActiveCfg = Release|Any CPU
		{940A6121-5852-4225-BECA-1B0DCF09D4EE}.Release|Any CPU.Build.0 = Release|Any CPU
		{5978BFA6-F8A9-4D13-A466-41028D7FC202}.Debug|Any CPU.ActiveCfg = Debug|Any CPU
		{5978BFA6-F8A9-4D13-A466-41028D7FC202}.Debug|Any CPU.Build.0 = Debug|Any CPU
		{5978BFA6-F8A9-4D13-A466-41028D7FC202}.Release|Any CPU.ActiveCfg = Release|Any CPU
		{5978BFA6-F8A9-4D13-A466-41028D7FC202}.Release|Any CPU.Build.0 = Release|Any CPU
		{6AB2204A-E689-46B3-9262-48D19AAC6119}.Debug|Any CPU.ActiveCfg = Debug|Any CPU
		{6AB2204A-E689-46B3-9262-48D19AAC6119}.Debug|Any CPU.Build.0 = Debug|Any CPU
		{6AB2204A-E689-46B3-9262-48D19AAC6119}.Release|Any CPU.ActiveCfg = Release|Any CPU
		{6AB2204A-E689-46B3-9262-48D19AAC6119}.Release|Any CPU.Build.0 = Release|Any CPU
		{04478304-29D2-4FCF-A829-4F3D0085DBAC}.Debug|Any CPU.ActiveCfg = Debug|Any CPU
		{04478304-29D2-4FCF-A829-4F3D0085DBAC}.Debug|Any CPU.Build.0 = Debug|Any CPU
		{04478304-29D2-4FCF-A829-4F3D0085DBAC}.Release|Any CPU.ActiveCfg = Release|Any CPU
		{04478304-29D2-4FCF-A829-4F3D0085DBAC}.Release|Any CPU.Build.0 = Release|Any CPU
	EndGlobalSection
	GlobalSection(SolutionProperties) = preSolution
		HideSolutionNode = FALSE
	EndGlobalSection
	GlobalSection(NestedProjects) = preSolution
		{79463CCE-2350-42FE-AA78-DF0644DE52A7} = {3FC39F1B-35FE-442F-B1B4-AE64FBA99983}
		{09CA17A2-0B68-404A-9EE2-C1234EDB59A9} = {1191E0E9-DCFF-4CBD-9995-6BD1AEF3F4DE}
		{2673E5B2-BD4C-4780-B860-9E84C56DAD50} = {3FC39F1B-35FE-442F-B1B4-AE64FBA99983}
		{9AFDB0AC-AB0A-4271-8DA0-8E4FD9619AD7} = {1191E0E9-DCFF-4CBD-9995-6BD1AEF3F4DE}
		{B479C2BB-0E02-4F39-94A2-B776E874CD88} = {1191E0E9-DCFF-4CBD-9995-6BD1AEF3F4DE}
		{5F329599-AF6D-4BCC-AF7B-89A1D33B67EE} = {3FC39F1B-35FE-442F-B1B4-AE64FBA99983}
		{AF3C4B7B-7A3B-4C6C-A86C-385A867702F5} = {83A15037-A988-49F8-B5AF-DB449D440B3B}
		{3F2A8AB0-640D-40FC-BBF6-705360708AE4} = {1191E0E9-DCFF-4CBD-9995-6BD1AEF3F4DE}
		{83A15037-A988-49F8-B5AF-DB449D440B3B} = {227B7B39-0251-46A7-A3AF-6834337AAE4C}
		{957C4CE1-0A48-4781-BE5B-B9FA33D94BA9} = {227B7B39-0251-46A7-A3AF-6834337AAE4C}
		{8C99DFC4-6876-4FA1-95ED-16B2F5DA89FF} = {83A15037-A988-49F8-B5AF-DB449D440B3B}
		{5CA256B1-0332-4ECA-BF6F-63BC64AA6192} = {957C4CE1-0A48-4781-BE5B-B9FA33D94BA9}
		{20F1058A-42D5-4367-9EA2-2D0F6EC6355E} = {83A15037-A988-49F8-B5AF-DB449D440B3B}
		{74DD3501-9846-4632-B7E0-8C75C509B59D} = {44F1BD0F-7A8D-459A-AAE5-EC74FEF2A131}
		{76C8D6AC-84F5-4EC1-982F-2C3AE2DBBE79} = {1191E0E9-DCFF-4CBD-9995-6BD1AEF3F4DE}
		{6B99CB86-B055-48FE-B18C-F6D56F456DF3} = {83A15037-A988-49F8-B5AF-DB449D440B3B}
		{48078CD7-5DCD-4549-B701-B55CAF5884C4} = {227B7B39-0251-46A7-A3AF-6834337AAE4C}
		{1040AD00-E2C5-4375-B65A-20932332B8F1} = {48078CD7-5DCD-4549-B701-B55CAF5884C4}
		{E685401C-D057-4250-B568-5793DDEF0778} = {48078CD7-5DCD-4549-B701-B55CAF5884C4}
		{3FF18B80-D0EF-452B-B306-8871CF426B54} = {1191E0E9-DCFF-4CBD-9995-6BD1AEF3F4DE}
		{940A6121-5852-4225-BECA-1B0DCF09D4EE} = {890D5947-044C-4586-8BB4-39FC6FBEAF57}
		{5978BFA6-F8A9-4D13-A466-41028D7FC202} = {1191E0E9-DCFF-4CBD-9995-6BD1AEF3F4DE}
		{6AB2204A-E689-46B3-9262-48D19AAC6119} = {890D5947-044C-4586-8BB4-39FC6FBEAF57}
		{890D5947-044C-4586-8BB4-39FC6FBEAF57} = {8BBE8DA9-FCD6-491D-A0A9-58CF8A6CEE23}
		{CCB9A76D-9118-4D3B-873A-7DDE0FC49295} = {8BBE8DA9-FCD6-491D-A0A9-58CF8A6CEE23}
		{04478304-29D2-4FCF-A829-4F3D0085DBAC} = {CCB9A76D-9118-4D3B-873A-7DDE0FC49295}
	EndGlobalSection
EndGlobal
