
Microsoft Visual Studio Solution File, Format Version 12.00
# Visual Studio 14
VisualStudioVersion = 14.0.24720.0
MinimumVisualStudioVersion = 10.0.40219.1
Project("{FAE04EC0-301F-11D3-BF4B-00C04F79EFBC}") = "InterviewPrep.Core", "InterviewPrep.Core\InterviewPrep.Core.csproj", "{79463CCE-2350-42FE-AA78-DF0644DE52A7}"
EndProject
Project("{2150E333-8FDC-42A3-9474-1A3956D46DE8}") = "tests", "tests", "{1191E0E9-DCFF-4CBD-9995-6BD1AEF3F4DE}"
EndProject
Project("{FAE04EC0-301F-11D3-BF4B-00C04F79EFBC}") = "InterviewPrep.CoreTests", "InterviewPrep.CoreTests\InterviewPrep.CoreTests.csproj", "{09CA17A2-0B68-404A-9EE2-C1234EDB59A9}"
EndProject
Project("{FAE04EC0-301F-11D3-BF4B-00C04F79EFBC}") = "InterviewPrep.Euler", "InterviewPrep.Euler\InterviewPrep.Euler.csproj", "{2673E5B2-BD4C-4780-B860-9E84C56DAD50}"
EndProject
Project("{FAE04EC0-301F-11D3-BF4B-00C04F79EFBC}") = "InterviewPrep.EulerTests", "InterviewPrep.EulerTests\InterviewPrep.EulerTests.csproj", "{9AFDB0AC-AB0A-4271-8DA0-8E4FD9619AD7}"
EndProject
Project("{2150E333-8FDC-42A3-9474-1A3956D46DE8}") = "src", "src", "{3FC39F1B-35FE-442F-B1B4-AE64FBA99983}"
EndProject
Project("{FAE04EC0-301F-11D3-BF4B-00C04F79EFBC}") = "InterviewPrep.ConsoleApp", "InterviewPrep.ConsoleApp\InterviewPrep.ConsoleApp.csproj", "{B479C2BB-0E02-4F39-94A2-B776E874CD88}"
EndProject
Project("{FAE04EC0-301F-11D3-BF4B-00C04F79EFBC}") = "InterviewPrep.DailyProgrammer", "InterviewPrep.DailyProgrammer\InterviewPrep.DailyProgrammer.csproj", "{5F329599-AF6D-4BCC-AF7B-89A1D33B67EE}"
EndProject
Project("{2150E333-8FDC-42A3-9474-1A3956D46DE8}") = "pluralsight", "pluralsight", "{227B7B39-0251-46A7-A3AF-6834337AAE4C}"
EndProject
Project("{FAE04EC0-301F-11D3-BF4B-00C04F79EFBC}") = "InterviewPrep.Generics", "InterviewPrep.Generics\InterviewPrep.Generics.csproj", "{AF3C4B7B-7A3B-4C6C-A86C-385A867702F5}"
EndProject
Global
	GlobalSection(SolutionConfigurationPlatforms) = preSolution
		Debug|Any CPU = Debug|Any CPU
		Release|Any CPU = Release|Any CPU
	EndGlobalSection
	GlobalSection(ProjectConfigurationPlatforms) = postSolution
		{79463CCE-2350-42FE-AA78-DF0644DE52A7}.Debug|Any CPU.ActiveCfg = Debug|Any CPU
		{79463CCE-2350-42FE-AA78-DF0644DE52A7}.Debug|Any CPU.Build.0 = Debug|Any CPU
		{79463CCE-2350-42FE-AA78-DF0644DE52A7}.Release|Any CPU.ActiveCfg = Release|Any CPU
		{79463CCE-2350-42FE-AA78-DF0644DE52A7}.Release|Any CPU.Build.0 = Release|Any CPU
		{09CA17A2-0B68-404A-9EE2-C1234EDB59A9}.Debug|Any CPU.ActiveCfg = Debug|Any CPU
		{09CA17A2-0B68-404A-9EE2-C1234EDB59A9}.Debug|Any CPU.Build.0 = Debug|Any CPU
		{09CA17A2-0B68-404A-9EE2-C1234EDB59A9}.Release|Any CPU.ActiveCfg = Release|Any CPU
		{09CA17A2-0B68-404A-9EE2-C1234EDB59A9}.Release|Any CPU.Build.0 = Release|Any CPU
		{2673E5B2-BD4C-4780-B860-9E84C56DAD50}.Debug|Any CPU.ActiveCfg = Debug|Any CPU
		{2673E5B2-BD4C-4780-B860-9E84C56DAD50}.Debug|Any CPU.Build.0 = Debug|Any CPU
		{2673E5B2-BD4C-4780-B860-9E84C56DAD50}.Release|Any CPU.ActiveCfg = Release|Any CPU
		{2673E5B2-BD4C-4780-B860-9E84C56DAD50}.Release|Any CPU.Build.0 = Release|Any CPU
		{9AFDB0AC-AB0A-4271-8DA0-8E4FD9619AD7}.Debug|Any CPU.ActiveCfg = Debug|Any CPU
		{9AFDB0AC-AB0A-4271-8DA0-8E4FD9619AD7}.Debug|Any CPU.Build.0 = Debug|Any CPU
		{9AFDB0AC-AB0A-4271-8DA0-8E4FD9619AD7}.Release|Any CPU.ActiveCfg = Release|Any CPU
		{9AFDB0AC-AB0A-4271-8DA0-8E4FD9619AD7}.Release|Any CPU.Build.0 = Release|Any CPU
		{B479C2BB-0E02-4F39-94A2-B776E874CD88}.Debug|Any CPU.ActiveCfg = Debug|Any CPU
		{B479C2BB-0E02-4F39-94A2-B776E874CD88}.Debug|Any CPU.Build.0 = Debug|Any CPU
		{B479C2BB-0E02-4F39-94A2-B776E874CD88}.Release|Any CPU.ActiveCfg = Release|Any CPU
		{B479C2BB-0E02-4F39-94A2-B776E874CD88}.Release|Any CPU.Build.0 = Release|Any CPU
		{5F329599-AF6D-4BCC-AF7B-89A1D33B67EE}.Debug|Any CPU.ActiveCfg = Debug|Any CPU
		{5F329599-AF6D-4BCC-AF7B-89A1D33B67EE}.Debug|Any CPU.Build.0 = Debug|Any CPU
		{5F329599-AF6D-4BCC-AF7B-89A1D33B67EE}.Release|Any CPU.ActiveCfg = Release|Any CPU
		{5F329599-AF6D-4BCC-AF7B-89A1D33B67EE}.Release|Any CPU.Build.0 = Release|Any CPU
		{AF3C4B7B-7A3B-4C6C-A86C-385A867702F5}.Debug|Any CPU.ActiveCfg = Debug|Any CPU
		{AF3C4B7B-7A3B-4C6C-A86C-385A867702F5}.Debug|Any CPU.Build.0 = Debug|Any CPU
		{AF3C4B7B-7A3B-4C6C-A86C-385A867702F5}.Release|Any CPU.ActiveCfg = Release|Any CPU
		{AF3C4B7B-7A3B-4C6C-A86C-385A867702F5}.Release|Any CPU.Build.0 = Release|Any CPU
	EndGlobalSection
	GlobalSection(SolutionProperties) = preSolution
		HideSolutionNode = FALSE
	EndGlobalSection
	GlobalSection(NestedProjects) = preSolution
		{79463CCE-2350-42FE-AA78-DF0644DE52A7} = {3FC39F1B-35FE-442F-B1B4-AE64FBA99983}
		{09CA17A2-0B68-404A-9EE2-C1234EDB59A9} = {1191E0E9-DCFF-4CBD-9995-6BD1AEF3F4DE}
		{2673E5B2-BD4C-4780-B860-9E84C56DAD50} = {3FC39F1B-35FE-442F-B1B4-AE64FBA99983}
		{9AFDB0AC-AB0A-4271-8DA0-8E4FD9619AD7} = {1191E0E9-DCFF-4CBD-9995-6BD1AEF3F4DE}
		{B479C2BB-0E02-4F39-94A2-B776E874CD88} = {1191E0E9-DCFF-4CBD-9995-6BD1AEF3F4DE}
		{5F329599-AF6D-4BCC-AF7B-89A1D33B67EE} = {3FC39F1B-35FE-442F-B1B4-AE64FBA99983}
		{AF3C4B7B-7A3B-4C6C-A86C-385A867702F5} = {227B7B39-0251-46A7-A3AF-6834337AAE4C}
	EndGlobalSection
EndGlobal
