
Microsoft Visual Studio Solution File, Format Version 12.00
# Visual Studio 14
VisualStudioVersion = 14.0.25123.0
MinimumVisualStudioVersion = 10.0.40219.1
Project("{FAE04EC0-301F-11D3-BF4B-00C04F79EFBC}") = "InterviewPrep.Core", "InterviewPrep.Core\InterviewPrep.Core.csproj", "{79463CCE-2350-42FE-AA78-DF0644DE52A7}"
EndProject
Project("{2150E333-8FDC-42A3-9474-1A3956D46DE8}") = "tests", "tests", "{1191E0E9-DCFF-4CBD-9995-6BD1AEF3F4DE}"
EndProject
Project("{FAE04EC0-301F-11D3-BF4B-00C04F79EFBC}") = "InterviewPrep.CoreTests", "InterviewPrep.CoreTests\InterviewPrep.CoreTests.csproj", "{09CA17A2-0B68-404A-9EE2-C1234EDB59A9}"
EndProject
Project("{FAE04EC0-301F-11D3-BF4B-00C04F79EFBC}") = "InterviewPrep.Euler", "InterviewPrep.Euler\InterviewPrep.Euler.csproj", "{2673E5B2-BD4C-4780-B860-9E84C56DAD50}"
EndProject
Project("{FAE04EC0-301F-11D3-BF4B-00C04F79EFBC}") = "InterviewPrep.EulerTests", "InterviewPrep.EulerTests\InterviewPrep.EulerTests.csproj", "{9AFDB0AC-AB0A-4271-8DA0-8E4FD9619AD7}"
EndProject
Project("{2150E333-8FDC-42A3-9474-1A3956D46DE8}") = "src", "src", "{3FC39F1B-35FE-442F-B1B4-AE64FBA99983}"
EndProject
Project("{FAE04EC0-301F-11D3-BF4B-00C04F79EFBC}") = "InterviewPrep.ConsoleApp", "InterviewPrep.ConsoleApp\InterviewPrep.ConsoleApp.csproj", "{B479C2BB-0E02-4F39-94A2-B776E874CD88}"
EndProject
Project("{FAE04EC0-301F-11D3-BF4B-00C04F79EFBC}") = "InterviewPrep.DailyProgrammer", "InterviewPrep.DailyProgrammer\InterviewPrep.DailyProgrammer.csproj", "{5F329599-AF6D-4BCC-AF7B-89A1D33B67EE}"
EndProject
Project("{2150E333-8FDC-42A3-9474-1A3956D46DE8}") = "pluralsight", "pluralsight", "{227B7B39-0251-46A7-A3AF-6834337AAE4C}"
EndProject
Project("{FAE04EC0-301F-11D3-BF4B-00C04F79EFBC}") = "InterviewPrep.Generics", "InterviewPrep.Generics\InterviewPrep.Generics.csproj", "{AF3C4B7B-7A3B-4C6C-A86C-385A867702F5}"
EndProject
Project("{8BB2217D-0F2D-49D1-97BC-3654ED321F3B}") = "InterviewPrep.EmptyMvc", "InterviewPrep.EmptyMvc\InterviewPrep.EmptyMvc.xproj", "{0B0A81E7-A119-40A2-B613-275CFA5A098A}"
EndProject
Project("{FAE04EC0-301F-11D3-BF4B-00C04F79EFBC}") = "InterviewPrep.Pluralsight.Tests", "InterviewPrep.Pluralsight.Tests\InterviewPrep.Pluralsight.Tests.csproj", "{3F2A8AB0-640D-40FC-BBF6-705360708AE4}"
EndProject
Project("{8BB2217D-0F2D-49D1-97BC-3654ED321F3B}") = "InterviewPrep.OdeToFoodCore", "InterviewPrep.OdeToFoodCore\InterviewPrep.OdeToFoodCore.xproj", "{710DBDE7-27D3-4E68-9D1A-B7C2C323B2C0}"
EndProject
Project("{2150E333-8FDC-42A3-9474-1A3956D46DE8}") = "Server", "Server", "{83A15037-A988-49F8-B5AF-DB449D440B3B}"
EndProject
Project("{2150E333-8FDC-42A3-9474-1A3956D46DE8}") = "Client", "Client", "{957C4CE1-0A48-4781-BE5B-B9FA33D94BA9}"
EndProject
Project("{8BB2217D-0F2D-49D1-97BC-3654ED321F3B}") = "InterviewPrep.Angular2FirstLook", "InterviewPrep.Angular2FirstLook\InterviewPrep.Angular2FirstLook.xproj", "{66D17A91-9CCB-47FD-BD60-28309A1D6960}"
EndProject
Project("{2150E333-8FDC-42A3-9474-1A3956D46DE8}") = "Solution Items", "Solution Items", "{422EC750-B1DF-4E2B-8E05-73808B4B4713}"
	ProjectSection(SolutionItems) = preProject
		InterviewPrep.Angular2FirstLook\global.json = InterviewPrep.Angular2FirstLook\global.json
	EndProjectSection
EndProject
Project("{00D1A9C2-B5F0-4AF3-8072-F6C62B433612}") = "InterviewPrep.SqlServer", "InterviewPrep.SqlServer\InterviewPrep.SqlServer.sqlproj", "{8C99DFC4-6876-4FA1-95ED-16B2F5DA89FF}"
EndProject
Project("{8BB2217D-0F2D-49D1-97BC-3654ED321F3B}") = "InterviewPrep.Angular2", "InterviewPrep.Angular2\InterviewPrep.Angular2.xproj", "{5CA256B1-0332-4ECA-BF6F-63BC64AA6192}"
EndProject
Global
	GlobalSection(SolutionConfigurationPlatforms) = preSolution
		Debug|Any CPU = Debug|Any CPU
		Release|Any CPU = Release|Any CPU
	EndGlobalSection
	GlobalSection(ProjectConfigurationPlatforms) = postSolution
		{79463CCE-2350-42FE-AA78-DF0644DE52A7}.Debug|Any CPU.ActiveCfg = Debug|Any CPU
		{79463CCE-2350-42FE-AA78-DF0644DE52A7}.Debug|Any CPU.Build.0 = Debug|Any CPU
		{79463CCE-2350-42FE-AA78-DF0644DE52A7}.Release|Any CPU.ActiveCfg = Release|Any CPU
		{79463CCE-2350-42FE-AA78-DF0644DE52A7}.Release|Any CPU.Build.0 = Release|Any CPU
		{09CA17A2-0B68-404A-9EE2-C1234EDB59A9}.Debug|Any CPU.ActiveCfg = Debug|Any CPU
		{09CA17A2-0B68-404A-9EE2-C1234EDB59A9}.Debug|Any CPU.Build.0 = Debug|Any CPU
		{09CA17A2-0B68-404A-9EE2-C1234EDB59A9}.Release|Any CPU.ActiveCfg = Release|Any CPU
		{09CA17A2-0B68-404A-9EE2-C1234EDB59A9}.Release|Any CPU.Build.0 = Release|Any CPU
		{2673E5B2-BD4C-4780-B860-9E84C56DAD50}.Debug|Any CPU.ActiveCfg = Debug|Any CPU
		{2673E5B2-BD4C-4780-B860-9E84C56DAD50}.Debug|Any CPU.Build.0 = Debug|Any CPU
		{2673E5B2-BD4C-4780-B860-9E84C56DAD50}.Release|Any CPU.ActiveCfg = Release|Any CPU
		{2673E5B2-BD4C-4780-B860-9E84C56DAD50}.Release|Any CPU.Build.0 = Release|Any CPU
		{9AFDB0AC-AB0A-4271-8DA0-8E4FD9619AD7}.Debug|Any CPU.ActiveCfg = Debug|Any CPU
		{9AFDB0AC-AB0A-4271-8DA0-8E4FD9619AD7}.Debug|Any CPU.Build.0 = Debug|Any CPU
		{9AFDB0AC-AB0A-4271-8DA0-8E4FD9619AD7}.Release|Any CPU.ActiveCfg = Release|Any CPU
		{9AFDB0AC-AB0A-4271-8DA0-8E4FD9619AD7}.Release|Any CPU.Build.0 = Release|Any CPU
		{B479C2BB-0E02-4F39-94A2-B776E874CD88}.Debug|Any CPU.ActiveCfg = Debug|Any CPU
		{B479C2BB-0E02-4F39-94A2-B776E874CD88}.Debug|Any CPU.Build.0 = Debug|Any CPU
		{B479C2BB-0E02-4F39-94A2-B776E874CD88}.Release|Any CPU.ActiveCfg = Release|Any CPU
		{B479C2BB-0E02-4F39-94A2-B776E874CD88}.Release|Any CPU.Build.0 = Release|Any CPU
		{5F329599-AF6D-4BCC-AF7B-89A1D33B67EE}.Debug|Any CPU.ActiveCfg = Debug|Any CPU
		{5F329599-AF6D-4BCC-AF7B-89A1D33B67EE}.Debug|Any CPU.Build.0 = Debug|Any CPU
		{5F329599-AF6D-4BCC-AF7B-89A1D33B67EE}.Release|Any CPU.ActiveCfg = Release|Any CPU
		{5F329599-AF6D-4BCC-AF7B-89A1D33B67EE}.Release|Any CPU.Build.0 = Release|Any CPU
		{AF3C4B7B-7A3B-4C6C-A86C-385A867702F5}.Debug|Any CPU.ActiveCfg = Debug|Any CPU
		{AF3C4B7B-7A3B-4C6C-A86C-385A867702F5}.Debug|Any CPU.Build.0 = Debug|Any CPU
		{AF3C4B7B-7A3B-4C6C-A86C-385A867702F5}.Release|Any CPU.ActiveCfg = Release|Any CPU
		{AF3C4B7B-7A3B-4C6C-A86C-385A867702F5}.Release|Any CPU.Build.0 = Release|Any CPU
		{0B0A81E7-A119-40A2-B613-275CFA5A098A}.Debug|Any CPU.ActiveCfg = Debug|Any CPU
		{0B0A81E7-A119-40A2-B613-275CFA5A098A}.Debug|Any CPU.Build.0 = Debug|Any CPU
		{0B0A81E7-A119-40A2-B613-275CFA5A098A}.Release|Any CPU.ActiveCfg = Release|Any CPU
		{0B0A81E7-A119-40A2-B613-275CFA5A098A}.Release|Any CPU.Build.0 = Release|Any CPU
		{3F2A8AB0-640D-40FC-BBF6-705360708AE4}.Debug|Any CPU.ActiveCfg = Debug|Any CPU
		{3F2A8AB0-640D-40FC-BBF6-705360708AE4}.Debug|Any CPU.Build.0 = Debug|Any CPU
		{3F2A8AB0-640D-40FC-BBF6-705360708AE4}.Release|Any CPU.ActiveCfg = Release|Any CPU
		{3F2A8AB0-640D-40FC-BBF6-705360708AE4}.Release|Any CPU.Build.0 = Release|Any CPU
		{710DBDE7-27D3-4E68-9D1A-B7C2C323B2C0}.Debug|Any CPU.ActiveCfg = Debug|Any CPU
		{710DBDE7-27D3-4E68-9D1A-B7C2C323B2C0}.Debug|Any CPU.Build.0 = Debug|Any CPU
		{710DBDE7-27D3-4E68-9D1A-B7C2C323B2C0}.Release|Any CPU.ActiveCfg = Release|Any CPU
		{710DBDE7-27D3-4E68-9D1A-B7C2C323B2C0}.Release|Any CPU.Build.0 = Release|Any CPU
		{66D17A91-9CCB-47FD-BD60-28309A1D6960}.Debug|Any CPU.ActiveCfg = Debug|Any CPU
		{66D17A91-9CCB-47FD-BD60-28309A1D6960}.Debug|Any CPU.Build.0 = Debug|Any CPU
		{66D17A91-9CCB-47FD-BD60-28309A1D6960}.Release|Any CPU.ActiveCfg = Release|Any CPU
		{66D17A91-9CCB-47FD-BD60-28309A1D6960}.Release|Any CPU.Build.0 = Release|Any CPU
		{8C99DFC4-6876-4FA1-95ED-16B2F5DA89FF}.Debug|Any CPU.ActiveCfg = Debug|Any CPU
		{8C99DFC4-6876-4FA1-95ED-16B2F5DA89FF}.Debug|Any CPU.Build.0 = Debug|Any CPU
		{8C99DFC4-6876-4FA1-95ED-16B2F5DA89FF}.Debug|Any CPU.Deploy.0 = Debug|Any CPU
		{8C99DFC4-6876-4FA1-95ED-16B2F5DA89FF}.Release|Any CPU.ActiveCfg = Release|Any CPU
		{8C99DFC4-6876-4FA1-95ED-16B2F5DA89FF}.Release|Any CPU.Build.0 = Release|Any CPU
		{8C99DFC4-6876-4FA1-95ED-16B2F5DA89FF}.Release|Any CPU.Deploy.0 = Release|Any CPU
		{5CA256B1-0332-4ECA-BF6F-63BC64AA6192}.Debug|Any CPU.ActiveCfg = Debug|Any CPU
		{5CA256B1-0332-4ECA-BF6F-63BC64AA6192}.Debug|Any CPU.Build.0 = Debug|Any CPU
		{5CA256B1-0332-4ECA-BF6F-63BC64AA6192}.Release|Any CPU.ActiveCfg = Release|Any CPU
		{5CA256B1-0332-4ECA-BF6F-63BC64AA6192}.Release|Any CPU.Build.0 = Release|Any CPU
	EndGlobalSection
	GlobalSection(SolutionProperties) = preSolution
		HideSolutionNode = FALSE
	EndGlobalSection
	GlobalSection(NestedProjects) = preSolution
		{79463CCE-2350-42FE-AA78-DF0644DE52A7} = {3FC39F1B-35FE-442F-B1B4-AE64FBA99983}
		{09CA17A2-0B68-404A-9EE2-C1234EDB59A9} = {1191E0E9-DCFF-4CBD-9995-6BD1AEF3F4DE}
		{2673E5B2-BD4C-4780-B860-9E84C56DAD50} = {3FC39F1B-35FE-442F-B1B4-AE64FBA99983}
		{9AFDB0AC-AB0A-4271-8DA0-8E4FD9619AD7} = {1191E0E9-DCFF-4CBD-9995-6BD1AEF3F4DE}
		{B479C2BB-0E02-4F39-94A2-B776E874CD88} = {1191E0E9-DCFF-4CBD-9995-6BD1AEF3F4DE}
		{5F329599-AF6D-4BCC-AF7B-89A1D33B67EE} = {3FC39F1B-35FE-442F-B1B4-AE64FBA99983}
		{AF3C4B7B-7A3B-4C6C-A86C-385A867702F5} = {83A15037-A988-49F8-B5AF-DB449D440B3B}
		{0B0A81E7-A119-40A2-B613-275CFA5A098A} = {1191E0E9-DCFF-4CBD-9995-6BD1AEF3F4DE}
		{3F2A8AB0-640D-40FC-BBF6-705360708AE4} = {1191E0E9-DCFF-4CBD-9995-6BD1AEF3F4DE}
		{710DBDE7-27D3-4E68-9D1A-B7C2C323B2C0} = {83A15037-A988-49F8-B5AF-DB449D440B3B}
		{83A15037-A988-49F8-B5AF-DB449D440B3B} = {227B7B39-0251-46A7-A3AF-6834337AAE4C}
		{957C4CE1-0A48-4781-BE5B-B9FA33D94BA9} = {227B7B39-0251-46A7-A3AF-6834337AAE4C}
		{66D17A91-9CCB-47FD-BD60-28309A1D6960} = {957C4CE1-0A48-4781-BE5B-B9FA33D94BA9}
		{8C99DFC4-6876-4FA1-95ED-16B2F5DA89FF} = {83A15037-A988-49F8-B5AF-DB449D440B3B}
		{5CA256B1-0332-4ECA-BF6F-63BC64AA6192} = {957C4CE1-0A48-4781-BE5B-B9FA33D94BA9}
	EndGlobalSection
EndGlobal
